
Microsoft Visual Studio Solution File, Format Version 12.00
# Visual Studio Version 17
VisualStudioVersion = 17.3.32929.385
MinimumVisualStudioVersion = 10.0.40219.1
Project("{FAE04EC0-301F-11D3-BF4B-00C04F79EFBC}") = "Week3Minip3AssetTrackingWk", "Week3Minip3AssetTrackingWk.csproj", "{DA5A45B1-0332-4F1E-964E-2D9D70B5DEB1}"
EndProject
Global
	GlobalSection(SolutionConfigurationPlatforms) = preSolution
		Debug|Any CPU = Debug|Any CPU
		Release|Any CPU = Release|Any CPU
	EndGlobalSection
	GlobalSection(ProjectConfigurationPlatforms) = postSolution
		{DA5A45B1-0332-4F1E-964E-2D9D70B5DEB1}.Debug|Any CPU.ActiveCfg = Debug|Any CPU
		{DA5A45B1-0332-4F1E-964E-2D9D70B5DEB1}.Debug|Any CPU.Build.0 = Debug|Any CPU
		{DA5A45B1-0332-4F1E-964E-2D9D70B5DEB1}.Release|Any CPU.ActiveCfg = Release|Any CPU
		{DA5A45B1-0332-4F1E-964E-2D9D70B5DEB1}.Release|Any CPU.Build.0 = Release|Any CPU
	EndGlobalSection
	GlobalSection(SolutionProperties) = preSolution
		HideSolutionNode = FALSE
	EndGlobalSection
	GlobalSection(ExtensibilityGlobals) = postSolution
		SolutionGuid = {F92666F2-453F-445F-B968-50B93F4E51EC}
	EndGlobalSection
EndGlobal
